
Microsoft Visual Studio Solution File, Format Version 12.00
# Visual Studio 15
VisualStudioVersion = 15.0.27703.2047
MinimumVisualStudioVersion = 10.0.40219.1
Project("{9A19103F-16F7-4668-BE54-9A1E7A4F7556}") = "PsnPkgCheck", "PsnPkgCheck\PsnPkgCheck.csproj", "{3CCB4B81-C328-4397-A915-7545CA994664}"
EndProject
Project("{9A19103F-16F7-4668-BE54-9A1E7A4F7556}") = "Tests", "Tests\Tests.csproj", "{71A30870-F216-419A-A8BF-6DEC264070CF}"
EndProject
Global
	GlobalSection(SolutionConfigurationPlatforms) = preSolution
		Debug|Any CPU = Debug|Any CPU
		Release|Any CPU = Release|Any CPU
	EndGlobalSection
	GlobalSection(ProjectConfigurationPlatforms) = postSolution
		{3CCB4B81-C328-4397-A915-7545CA994664}.Debug|Any CPU.ActiveCfg = Debug|Any CPU
		{3CCB4B81-C328-4397-A915-7545CA994664}.Debug|Any CPU.Build.0 = Debug|Any CPU
		{3CCB4B81-C328-4397-A915-7545CA994664}.Release|Any CPU.ActiveCfg = Release|Any CPU
		{3CCB4B81-C328-4397-A915-7545CA994664}.Release|Any CPU.Build.0 = Release|Any CPU
		{71A30870-F216-419A-A8BF-6DEC264070CF}.Debug|Any CPU.ActiveCfg = Debug|Any CPU
		{71A30870-F216-419A-A8BF-6DEC264070CF}.Debug|Any CPU.Build.0 = Debug|Any CPU
		{71A30870-F216-419A-A8BF-6DEC264070CF}.Release|Any CPU.ActiveCfg = Release|Any CPU
	EndGlobalSection
	GlobalSection(SolutionProperties) = preSolution
		HideSolutionNode = FALSE
	EndGlobalSection
	GlobalSection(ExtensibilityGlobals) = postSolution
		SolutionGuid = {DE7212D4-A50C-446D-9E82-1C6DA49FFBF5}
	EndGlobalSection
EndGlobal
